
Microsoft Visual Studio Solution File, Format Version 12.00
# Visual Studio Version 17
VisualStudioVersion = 17.5.002.0
MinimumVisualStudioVersion = 10.0.40219.1
Project("{9A19103F-16F7-4668-BE54-9A1E7A4F7556}") = "BaseApiJwtAndBasicsAuth", "BaseApiJwtAndBasicsAuth.csproj", "{CF62F546-9FBA-4917-A2D8-8589F3D739E3}"
EndProject
Global
	GlobalSection(SolutionConfigurationPlatforms) = preSolution
		Debug|Any CPU = Debug|Any CPU
		Release|Any CPU = Release|Any CPU
	EndGlobalSection
	GlobalSection(ProjectConfigurationPlatforms) = postSolution
		{CF62F546-9FBA-4917-A2D8-8589F3D739E3}.Debug|Any CPU.ActiveCfg = Debug|Any CPU
		{CF62F546-9FBA-4917-A2D8-8589F3D739E3}.Debug|Any CPU.Build.0 = Debug|Any CPU
		{CF62F546-9FBA-4917-A2D8-8589F3D739E3}.Release|Any CPU.ActiveCfg = Release|Any CPU
		{CF62F546-9FBA-4917-A2D8-8589F3D739E3}.Release|Any CPU.Build.0 = Release|Any CPU
	EndGlobalSection
	GlobalSection(SolutionProperties) = preSolution
		HideSolutionNode = FALSE
	EndGlobalSection
	GlobalSection(ExtensibilityGlobals) = postSolution
		SolutionGuid = {0168D66E-3DC4-4EB6-9336-8FA6FE987AA7}
	EndGlobalSection
EndGlobal
